
Microsoft Visual Studio Solution File, Format Version 12.00
# Visual Studio Version 17
VisualStudioVersion = 17.9.34616.47
MinimumVisualStudioVersion = 10.0.40219.1
Project("{F2A71F9B-5D33-465A-A702-920D77279786}") = "T042dy_assignement", "T042dy_assignement\T042dy_assignement.fsproj", "{CBF7CF11-8FD7-48ED-982B-CB337CA851E6}"
EndProject
Global
	GlobalSection(SolutionConfigurationPlatforms) = preSolution
		Debug|Any CPU = Debug|Any CPU
		Release|Any CPU = Release|Any CPU
	EndGlobalSection
	GlobalSection(ProjectConfigurationPlatforms) = postSolution
		{CBF7CF11-8FD7-48ED-982B-CB337CA851E6}.Debug|Any CPU.ActiveCfg = Debug|Any CPU
		{CBF7CF11-8FD7-48ED-982B-CB337CA851E6}.Debug|Any CPU.Build.0 = Debug|Any CPU
		{CBF7CF11-8FD7-48ED-982B-CB337CA851E6}.Release|Any CPU.ActiveCfg = Release|Any CPU
		{CBF7CF11-8FD7-48ED-982B-CB337CA851E6}.Release|Any CPU.Build.0 = Release|Any CPU
	EndGlobalSection
	GlobalSection(SolutionProperties) = preSolution
		HideSolutionNode = FALSE
	EndGlobalSection
	GlobalSection(ExtensibilityGlobals) = postSolution
		SolutionGuid = {9C8A1449-E4D8-4D25-95C1-4965E2C68229}
	EndGlobalSection
EndGlobal
